
Microsoft Visual Studio Solution File, Format Version 12.00
# Visual Studio Version 17
VisualStudioVersion = 17.11.35312.102
MinimumVisualStudioVersion = 10.0.40219.1
Project("{FAE04EC0-301F-11D3-BF4B-00C04F79EFBC}") = "24380101056", "24380101056\24380101056.csproj", "{92AE5F84-CC3A-40E9-A364-1F568AE1D02A}"
EndProject
Global
	GlobalSection(SolutionConfigurationPlatforms) = preSolution
		Debug|Any CPU = Debug|Any CPU
		Release|Any CPU = Release|Any CPU
	EndGlobalSection
	GlobalSection(ProjectConfigurationPlatforms) = postSolution
		{92AE5F84-CC3A-40E9-A364-1F568AE1D02A}.Debug|Any CPU.ActiveCfg = Debug|Any CPU
		{92AE5F84-CC3A-40E9-A364-1F568AE1D02A}.Debug|Any CPU.Build.0 = Debug|Any CPU
		{92AE5F84-CC3A-40E9-A364-1F568AE1D02A}.Release|Any CPU.ActiveCfg = Release|Any CPU
		{92AE5F84-CC3A-40E9-A364-1F568AE1D02A}.Release|Any CPU.Build.0 = Release|Any CPU
	EndGlobalSection
	GlobalSection(SolutionProperties) = preSolution
		HideSolutionNode = FALSE
	EndGlobalSection
	GlobalSection(ExtensibilityGlobals) = postSolution
		SolutionGuid = {7C6C59E9-0B61-498E-B4B7-9553EB5C265A}
	EndGlobalSection
EndGlobal
